// !$*UTF8*$!
{
	archiveVersion = 1;
	classes = {
	};
	objectVersion = 46;
	objects = {

/* Begin PBXBuildFile section */
		83C919B017C3C521006AF359 /* UIKit.framework in Frameworks */ = {isa = PBXBuildFile; fileRef = 83C919AF17C3C521006AF359 /* UIKit.framework */; };
		83C919B217C3C521006AF359 /* Foundation.framework in Frameworks */ = {isa = PBXBuildFile; fileRef = 83C919B117C3C521006AF359 /* Foundation.framework */; };
		83C919B417C3C521006AF359 /* CoreGraphics.framework in Frameworks */ = {isa = PBXBuildFile; fileRef = 83C919B317C3C521006AF359 /* CoreGraphics.framework */; };
		83C919BA17C3C521006AF359 /* InfoPlist.strings in Resources */ = {isa = PBXBuildFile; fileRef = 83C919B817C3C521006AF359 /* InfoPlist.strings */; };
		83C919BC17C3C521006AF359 /* main.m in Sources */ = {isa = PBXBuildFile; fileRef = 83C919BB17C3C521006AF359 /* main.m */; };
		83C919C017C3C521006AF359 /* AppDelegate.m in Sources */ = {isa = PBXBuildFile; fileRef = 83C919BF17C3C521006AF359 /* AppDelegate.m */; };
		83C919C217C3C521006AF359 /* Default.png in Resources */ = {isa = PBXBuildFile; fileRef = 83C919C117C3C521006AF359 /* Default.png */; };
		83C919C417C3C521006AF359 /* Default@2x.png in Resources */ = {isa = PBXBuildFile; fileRef = 83C919C317C3C521006AF359 /* Default@2x.png */; };
		83C919C617C3C521006AF359 /* Default-568h@2x.png in Resources */ = {isa = PBXBuildFile; fileRef = 83C919C517C3C521006AF359 /* Default-568h@2x.png */; };
		83C91A7817C4EB2C006AF359 /* colafd.cpp in Sources */ = {isa = PBXBuildFile; fileRef = 83C91A7717C4EB2C006AF359 /* colafd.cpp */; };
		83C91A7E17C4EF0D006AF359 /* librender.cpp in Sources */ = {isa = PBXBuildFile; fileRef = 83C91A7C17C4EF0D006AF359 /* librender.cpp */; };
		83C91AF217C53AA7006AF359 /* CoreText.framework in Frameworks */ = {isa = PBXBuildFile; fileRef = 83C91AF117C53AA7006AF359 /* CoreText.framework */; };
		83C91AF417C53AAE006AF359 /* CoreImage.framework in Frameworks */ = {isa = PBXBuildFile; fileRef = 83C91AF317C53AAE006AF359 /* CoreImage.framework */; };
		83C91AF617C53ABA006AF359 /* QuartzCore.framework in Frameworks */ = {isa = PBXBuildFile; fileRef = 83C91AF517C53ABA006AF359 /* QuartzCore.framework */; };
		83C91AF817C53AF4006AF359 /* libxml2.dylib in Frameworks */ = {isa = PBXBuildFile; fileRef = 83C91AF717C53AF4006AF359 /* libxml2.dylib */; };
		A3122DBD17C59C0B004990C8 /* libavoid.a in Frameworks */ = {isa = PBXBuildFile; fileRef = A3122DB917C59C0B004990C8 /* libavoid.a */; };
		A3122DBE17C59C0B004990C8 /* libcola.a in Frameworks */ = {isa = PBXBuildFile; fileRef = A3122DBA17C59C0B004990C8 /* libcola.a */; };
		A3122DBF17C59C0B004990C8 /* libtopology.a in Frameworks */ = {isa = PBXBuildFile; fileRef = A3122DBB17C59C0B004990C8 /* libtopology.a */; };
		A3122DC017C59C0B004990C8 /* libvpsc.a in Frameworks */ = {isa = PBXBuildFile; fileRef = A3122DBC17C59C0B004990C8 /* libvpsc.a */; };
		A3122F7F17C5C3FD004990C8 /* libSVGKit-iOS.a in Frameworks */ = {isa = PBXBuildFile; fileRef = A3122F1017C5C3FD004990C8 /* libSVGKit-iOS.a */; };
		A3122F8217C5C799004990C8 /* TestCaseConstrainedFDLayout.m in Sources */ = {isa = PBXBuildFile; fileRef = A3122F8117C5C799004990C8 /* TestCaseConstrainedFDLayout.m */; };
		A3122FC817C5CEAA004990C8 /* MainViewController.xib in Resources */ = {isa = PBXBuildFile; fileRef = A3122FC617C5CEAA004990C8 /* MainViewController.xib */; };
		A3122FCF17C5E48B004990C8 /* TestCaseViewController.m in Sources */ = {isa = PBXBuildFile; fileRef = A3122FCE17C5E48B004990C8 /* TestCaseViewController.m */; };
		A3122FD217C5EC90004990C8 /* TestCaseCCSViewController.m in Sources */ = {isa = PBXBuildFile; fileRef = A3122FD117C5EC90004990C8 /* TestCaseCCSViewController.m */; };
		A3122FD717C61444004990C8 /* MainViewController.m in Sources */ = {isa = PBXBuildFile; fileRef = A3122FD617C61444004990C8 /* MainViewController.m */; };
/* End PBXBuildFile section */

/* Begin PBXFileReference section */
		83C919AC17C3C521006AF359 /* AdaptagramsTest.app */ = {isa = PBXFileReference; explicitFileType = wrapper.application; includeInIndex = 0; path = AdaptagramsTest.app; sourceTree = BUILT_PRODUCTS_DIR; };
		83C919AF17C3C521006AF359 /* UIKit.framework */ = {isa = PBXFileReference; lastKnownFileType = wrapper.framework; name = UIKit.framework; path = System/Library/Frameworks/UIKit.framework; sourceTree = SDKROOT; };
		83C919B117C3C521006AF359 /* Foundation.framework */ = {isa = PBXFileReference; lastKnownFileType = wrapper.framework; name = Foundation.framework; path = System/Library/Frameworks/Foundation.framework; sourceTree = SDKROOT; };
		83C919B317C3C521006AF359 /* CoreGraphics.framework */ = {isa = PBXFileReference; lastKnownFileType = wrapper.framework; name = CoreGraphics.framework; path = System/Library/Frameworks/CoreGraphics.framework; sourceTree = SDKROOT; };
		83C919B717C3C521006AF359 /* AdaptagramsTest-Info.plist */ = {isa = PBXFileReference; lastKnownFileType = text.plist.xml; path = "AdaptagramsTest-Info.plist"; sourceTree = "<group>"; };
		83C919B917C3C521006AF359 /* en */ = {isa = PBXFileReference; lastKnownFileType = text.plist.strings; name = en; path = en.lproj/InfoPlist.strings; sourceTree = "<group>"; };
		83C919BB17C3C521006AF359 /* main.m */ = {isa = PBXFileReference; lastKnownFileType = sourcecode.c.objc; path = main.m; sourceTree = "<group>"; };
		83C919BD17C3C521006AF359 /* AdaptagramsTest-Prefix.pch */ = {isa = PBXFileReference; lastKnownFileType = sourcecode.c.h; path = "AdaptagramsTest-Prefix.pch"; sourceTree = "<group>"; };
		83C919BE17C3C521006AF359 /* AppDelegate.h */ = {isa = PBXFileReference; lastKnownFileType = sourcecode.c.h; path = AppDelegate.h; sourceTree = "<group>"; };
		83C919BF17C3C521006AF359 /* AppDelegate.m */ = {isa = PBXFileReference; lastKnownFileType = sourcecode.c.objc; path = AppDelegate.m; sourceTree = "<group>"; };
		83C919C117C3C521006AF359 /* Default.png */ = {isa = PBXFileReference; lastKnownFileType = image.png; path = Default.png; sourceTree = "<group>"; };
		83C919C317C3C521006AF359 /* Default@2x.png */ = {isa = PBXFileReference; lastKnownFileType = image.png; path = "Default@2x.png"; sourceTree = "<group>"; };
		83C919C517C3C521006AF359 /* Default-568h@2x.png */ = {isa = PBXFileReference; lastKnownFileType = image.png; path = "Default-568h@2x.png"; sourceTree = "<group>"; };
		83C91A7617C4E955006AF359 /* graphlayouttest.h */ = {isa = PBXFileReference; fileEncoding = 4; lastKnownFileType = sourcecode.c.h; path = graphlayouttest.h; sourceTree = "<group>"; };
		83C91A7717C4EB2C006AF359 /* colafd.cpp */ = {isa = PBXFileReference; fileEncoding = 4; lastKnownFileType = sourcecode.cpp.cpp; path = colafd.cpp; sourceTree = "<group>"; };
		83C91A7C17C4EF0D006AF359 /* librender.cpp */ = {isa = PBXFileReference; fileEncoding = 4; lastKnownFileType = sourcecode.cpp.cpp; path = librender.cpp; sourceTree = "<group>"; };
		83C91A7D17C4EF0D006AF359 /* librender.h */ = {isa = PBXFileReference; fileEncoding = 4; lastKnownFileType = sourcecode.c.h; path = librender.h; sourceTree = "<group>"; };
		83C91AF117C53AA7006AF359 /* CoreText.framework */ = {isa = PBXFileReference; lastKnownFileType = wrapper.framework; name = CoreText.framework; path = System/Library/Frameworks/CoreText.framework; sourceTree = SDKROOT; };
		83C91AF317C53AAE006AF359 /* CoreImage.framework */ = {isa = PBXFileReference; lastKnownFileType = wrapper.framework; name = CoreImage.framework; path = System/Library/Frameworks/CoreImage.framework; sourceTree = SDKROOT; };
		83C91AF517C53ABA006AF359 /* QuartzCore.framework */ = {isa = PBXFileReference; lastKnownFileType = wrapper.framework; name = QuartzCore.framework; path = System/Library/Frameworks/QuartzCore.framework; sourceTree = SDKROOT; };
		83C91AF717C53AF4006AF359 /* libxml2.dylib */ = {isa = PBXFileReference; lastKnownFileType = "compiled.mach-o.dylib"; name = libxml2.dylib; path = usr/lib/libxml2.dylib; sourceTree = SDKROOT; };
		A3122D7417C59C0B004990C8 /* actioninfo.h */ = {isa = PBXFileReference; fileEncoding = 4; lastKnownFileType = sourcecode.c.h; path = actioninfo.h; sourceTree = "<group>"; };
		A3122D7517C59C0B004990C8 /* assertions.h */ = {isa = PBXFileReference; fileEncoding = 4; lastKnownFileType = sourcecode.c.h; path = assertions.h; sourceTree = "<group>"; };
		A3122D7617C59C0B004990C8 /* connectionpin.h */ = {isa = PBXFileReference; fileEncoding = 4; lastKnownFileType = sourcecode.c.h; path = connectionpin.h; sourceTree = "<group>"; };
		A3122D7717C59C0B004990C8 /* connector.h */ = {isa = PBXFileReference; fileEncoding = 4; lastKnownFileType = sourcecode.c.h; path = connector.h; sourceTree = "<group>"; };
		A3122D7817C59C0B004990C8 /* connend.h */ = {isa = PBXFileReference; fileEncoding = 4; lastKnownFileType = sourcecode.c.h; path = connend.h; sourceTree = "<group>"; };
		A3122D7917C59C0B004990C8 /* debug.h */ = {isa = PBXFileReference; fileEncoding = 4; lastKnownFileType = sourcecode.c.h; path = debug.h; sourceTree = "<group>"; };
		A3122D7A17C59C0B004990C8 /* dllexport.h */ = {isa = PBXFileReference; fileEncoding = 4; lastKnownFileType = sourcecode.c.h; path = dllexport.h; sourceTree = "<group>"; };
		A3122D7B17C59C0B004990C8 /* geometry.h */ = {isa = PBXFileReference; fileEncoding = 4; lastKnownFileType = sourcecode.c.h; path = geometry.h; sourceTree = "<group>"; };
		A3122D7C17C59C0B004990C8 /* geomtypes.h */ = {isa = PBXFileReference; fileEncoding = 4; lastKnownFileType = sourcecode.c.h; path = geomtypes.h; sourceTree = "<group>"; };
		A3122D7D17C59C0B004990C8 /* graph.h */ = {isa = PBXFileReference; fileEncoding = 4; lastKnownFileType = sourcecode.c.h; path = graph.h; sourceTree = "<group>"; };
		A3122D7E17C59C0B004990C8 /* hyperedge.h */ = {isa = PBXFileReference; fileEncoding = 4; lastKnownFileType = sourcecode.c.h; path = hyperedge.h; sourceTree = "<group>"; };
		A3122D7F17C59C0B004990C8 /* hyperedgetree.h */ = {isa = PBXFileReference; fileEncoding = 4; lastKnownFileType = sourcecode.c.h; path = hyperedgetree.h; sourceTree = "<group>"; };
		A3122D8017C59C0B004990C8 /* junction.h */ = {isa = PBXFileReference; fileEncoding = 4; lastKnownFileType = sourcecode.c.h; path = junction.h; sourceTree = "<group>"; };
		A3122D8117C59C0B004990C8 /* libavoid.h */ = {isa = PBXFileReference; fileEncoding = 4; lastKnownFileType = sourcecode.c.h; path = libavoid.h; sourceTree = "<group>"; };
		A3122D8217C59C0B004990C8 /* makepath.h */ = {isa = PBXFileReference; fileEncoding = 4; lastKnownFileType = sourcecode.c.h; path = makepath.h; sourceTree = "<group>"; };
		A3122D8317C59C0B004990C8 /* mtst.h */ = {isa = PBXFileReference; fileEncoding = 4; lastKnownFileType = sourcecode.c.h; path = mtst.h; sourceTree = "<group>"; };
		A3122D8417C59C0B004990C8 /* obstacle.h */ = {isa = PBXFileReference; fileEncoding = 4; lastKnownFileType = sourcecode.c.h; path = obstacle.h; sourceTree = "<group>"; };
		A3122D8517C59C0B004990C8 /* orthogonal.h */ = {isa = PBXFileReference; fileEncoding = 4; lastKnownFileType = sourcecode.c.h; path = orthogonal.h; sourceTree = "<group>"; };
		A3122D8617C59C0B004990C8 /* router.h */ = {isa = PBXFileReference; fileEncoding = 4; lastKnownFileType = sourcecode.c.h; path = router.h; sourceTree = "<group>"; };
		A3122D8717C59C0B004990C8 /* scanline.h */ = {isa = PBXFileReference; fileEncoding = 4; lastKnownFileType = sourcecode.c.h; path = scanline.h; sourceTree = "<group>"; };
		A3122D8817C59C0B004990C8 /* shape.h */ = {isa = PBXFileReference; fileEncoding = 4; lastKnownFileType = sourcecode.c.h; path = shape.h; sourceTree = "<group>"; };
		A3122D8917C59C0B004990C8 /* timer.h */ = {isa = PBXFileReference; fileEncoding = 4; lastKnownFileType = sourcecode.c.h; path = timer.h; sourceTree = "<group>"; };
		A3122D8A17C59C0B004990C8 /* vertices.h */ = {isa = PBXFileReference; fileEncoding = 4; lastKnownFileType = sourcecode.c.h; path = vertices.h; sourceTree = "<group>"; };
		A3122D8B17C59C0B004990C8 /* viscluster.h */ = {isa = PBXFileReference; fileEncoding = 4; lastKnownFileType = sourcecode.c.h; path = viscluster.h; sourceTree = "<group>"; };
		A3122D8C17C59C0B004990C8 /* visibility.h */ = {isa = PBXFileReference; fileEncoding = 4; lastKnownFileType = sourcecode.c.h; path = visibility.h; sourceTree = "<group>"; };
		A3122D8D17C59C0B004990C8 /* vpsc.h */ = {isa = PBXFileReference; fileEncoding = 4; lastKnownFileType = sourcecode.c.h; path = vpsc.h; sourceTree = "<group>"; };
		A3122D8F17C59C0B004990C8 /* cc_clustercontainmentconstraints.h */ = {isa = PBXFileReference; fileEncoding = 4; lastKnownFileType = sourcecode.c.h; path = cc_clustercontainmentconstraints.h; sourceTree = "<group>"; };
		A3122D9017C59C0B004990C8 /* cc_nonoverlapconstraints.h */ = {isa = PBXFileReference; fileEncoding = 4; lastKnownFileType = sourcecode.c.h; path = cc_nonoverlapconstraints.h; sourceTree = "<group>"; };
		A3122D9117C59C0B004990C8 /* cluster.h */ = {isa = PBXFileReference; fileEncoding = 4; lastKnownFileType = sourcecode.c.h; path = cluster.h; sourceTree = "<group>"; };
		A3122D9217C59C0B004990C8 /* cola.h */ = {isa = PBXFileReference; fileEncoding = 4; lastKnownFileType = sourcecode.c.h; path = cola.h; sourceTree = "<group>"; };
		A3122D9317C59C0B004990C8 /* cola_log.h */ = {isa = PBXFileReference; fileEncoding = 4; lastKnownFileType = sourcecode.c.h; path = cola_log.h; sourceTree = "<group>"; };
		A3122D9417C59C0B004990C8 /* commondefs.h */ = {isa = PBXFileReference; fileEncoding = 4; lastKnownFileType = sourcecode.c.h; path = commondefs.h; sourceTree = "<group>"; };
		A3122D9517C59C0B004990C8 /* compound_constraints.h */ = {isa = PBXFileReference; fileEncoding = 4; lastKnownFileType = sourcecode.c.h; path = compound_constraints.h; sourceTree = "<group>"; };
		A3122D9617C59C0B004990C8 /* config.h */ = {isa = PBXFileReference; fileEncoding = 4; lastKnownFileType = sourcecode.c.h; path = config.h; sourceTree = "<group>"; };
		A3122D9717C59C0B004990C8 /* conjugate_gradient.h */ = {isa = PBXFileReference; fileEncoding = 4; lastKnownFileType = sourcecode.c.h; path = conjugate_gradient.h; sourceTree = "<group>"; };
		A3122D9817C59C0B004990C8 /* connected_components.h */ = {isa = PBXFileReference; fileEncoding = 4; lastKnownFileType = sourcecode.c.h; path = connected_components.h; sourceTree = "<group>"; };
		A3122D9917C59C0B004990C8 /* convex_hull.h */ = {isa = PBXFileReference; fileEncoding = 4; lastKnownFileType = sourcecode.c.h; path = convex_hull.h; sourceTree = "<group>"; };
		A3122D9A17C59C0B004990C8 /* cycle_detector.h */ = {isa = PBXFileReference; fileEncoding = 4; lastKnownFileType = sourcecode.c.h; path = cycle_detector.h; sourceTree = "<group>"; };
		A3122D9B17C59C0B004990C8 /* exceptions.h */ = {isa = PBXFileReference; fileEncoding = 4; lastKnownFileType = sourcecode.c.h; path = exceptions.h; sourceTree = "<group>"; };
		A3122D9C17C59C0B004990C8 /* gradient_projection.h */ = {isa = PBXFileReference; fileEncoding = 4; lastKnownFileType = sourcecode.c.h; path = gradient_projection.h; sourceTree = "<group>"; };
		A3122D9D17C59C0B004990C8 /* max_acyclic_subgraph.h */ = {isa = PBXFileReference; fileEncoding = 4; lastKnownFileType = sourcecode.c.h; path = max_acyclic_subgraph.h; sourceTree = "<group>"; };
		A3122D9E17C59C0B004990C8 /* output_svg.h */ = {isa = PBXFileReference; fileEncoding = 4; lastKnownFileType = sourcecode.c.h; path = output_svg.h; sourceTree = "<group>"; };
		A3122D9F17C59C0B004990C8 /* shortest_paths.h */ = {isa = PBXFileReference; fileEncoding = 4; lastKnownFileType = sourcecode.c.h; path = shortest_paths.h; sourceTree = "<group>"; };
		A3122DA017C59C0B004990C8 /* sparse_matrix.h */ = {isa = PBXFileReference; fileEncoding = 4; lastKnownFileType = sourcecode.c.h; path = sparse_matrix.h; sourceTree = "<group>"; };
		A3122DA117C59C0B004990C8 /* straightener.h */ = {isa = PBXFileReference; fileEncoding = 4; lastKnownFileType = sourcecode.c.h; path = straightener.h; sourceTree = "<group>"; };
		A3122DA217C59C0B004990C8 /* unused.h */ = {isa = PBXFileReference; fileEncoding = 4; lastKnownFileType = sourcecode.c.h; path = unused.h; sourceTree = "<group>"; };
		A3122DA417C59C0B004990C8 /* cola_topology_addon.h */ = {isa = PBXFileReference; fileEncoding = 4; lastKnownFileType = sourcecode.c.h; path = cola_topology_addon.h; sourceTree = "<group>"; };
		A3122DA517C59C0B004990C8 /* orthogonal_topology.h */ = {isa = PBXFileReference; fileEncoding = 4; lastKnownFileType = sourcecode.c.h; path = orthogonal_topology.h; sourceTree = "<group>"; };
		A3122DA617C59C0B004990C8 /* topology_constraints.h */ = {isa = PBXFileReference; fileEncoding = 4; lastKnownFileType = sourcecode.c.h; path = topology_constraints.h; sourceTree = "<group>"; };
		A3122DA717C59C0B004990C8 /* topology_graph.h */ = {isa = PBXFileReference; fileEncoding = 4; lastKnownFileType = sourcecode.c.h; path = topology_graph.h; sourceTree = "<group>"; };
		A3122DA817C59C0B004990C8 /* topology_log.h */ = {isa = PBXFileReference; fileEncoding = 4; lastKnownFileType = sourcecode.c.h; path = topology_log.h; sourceTree = "<group>"; };
		A3122DA917C59C0B004990C8 /* util.h */ = {isa = PBXFileReference; fileEncoding = 4; lastKnownFileType = sourcecode.c.h; path = util.h; sourceTree = "<group>"; };
		A3122DAB17C59C0B004990C8 /* assertions.h */ = {isa = PBXFileReference; fileEncoding = 4; lastKnownFileType = sourcecode.c.h; path = assertions.h; sourceTree = "<group>"; };
		A3122DAC17C59C0B004990C8 /* block.h */ = {isa = PBXFileReference; fileEncoding = 4; lastKnownFileType = sourcecode.c.h; path = block.h; sourceTree = "<group>"; };
		A3122DAD17C59C0B004990C8 /* blocks.h */ = {isa = PBXFileReference; fileEncoding = 4; lastKnownFileType = sourcecode.c.h; path = blocks.h; sourceTree = "<group>"; };
		A3122DAE17C59C0B004990C8 /* cbuffer.h */ = {isa = PBXFileReference; fileEncoding = 4; lastKnownFileType = sourcecode.c.h; path = cbuffer.h; sourceTree = "<group>"; };
		A3122DAF17C59C0B004990C8 /* constraint.h */ = {isa = PBXFileReference; fileEncoding = 4; lastKnownFileType = sourcecode.c.h; path = constraint.h; sourceTree = "<group>"; };
		A3122DB017C59C0B004990C8 /* exceptions.h */ = {isa = PBXFileReference; fileEncoding = 4; lastKnownFileType = sourcecode.c.h; path = exceptions.h; sourceTree = "<group>"; };
		A3122DB117C59C0B004990C8 /* isnan.h */ = {isa = PBXFileReference; fileEncoding = 4; lastKnownFileType = sourcecode.c.h; path = isnan.h; sourceTree = "<group>"; };
		A3122DB217C59C0B004990C8 /* linesegment.h */ = {isa = PBXFileReference; fileEncoding = 4; lastKnownFileType = sourcecode.c.h; path = linesegment.h; sourceTree = "<group>"; };
		A3122DB317C59C0B004990C8 /* pairing_heap.h */ = {isa = PBXFileReference; fileEncoding = 4; lastKnownFileType = sourcecode.c.h; path = pairing_heap.h; sourceTree = "<group>"; };
		A3122DB417C59C0B004990C8 /* rectangle.h */ = {isa = PBXFileReference; fileEncoding = 4; lastKnownFileType = sourcecode.c.h; path = rectangle.h; sourceTree = "<group>"; };
		A3122DB517C59C0B004990C8 /* solve_VPSC.h */ = {isa = PBXFileReference; fileEncoding = 4; lastKnownFileType = sourcecode.c.h; path = solve_VPSC.h; sourceTree = "<group>"; };
		A3122DB617C59C0B004990C8 /* variable.h */ = {isa = PBXFileReference; fileEncoding = 4; lastKnownFileType = sourcecode.c.h; path = variable.h; sourceTree = "<group>"; };
		A3122DB917C59C0B004990C8 /* libavoid.a */ = {isa = PBXFileReference; lastKnownFileType = archive.ar; path = libavoid.a; sourceTree = "<group>"; };
		A3122DBA17C59C0B004990C8 /* libcola.a */ = {isa = PBXFileReference; lastKnownFileType = archive.ar; path = libcola.a; sourceTree = "<group>"; };
		A3122DBB17C59C0B004990C8 /* libtopology.a */ = {isa = PBXFileReference; lastKnownFileType = archive.ar; path = libtopology.a; sourceTree = "<group>"; };
		A3122DBC17C59C0B004990C8 /* libvpsc.a */ = {isa = PBXFileReference; lastKnownFileType = archive.ar; path = libvpsc.a; sourceTree = "<group>"; };
		A3122F1017C5C3FD004990C8 /* libSVGKit-iOS.a */ = {isa = PBXFileReference; lastKnownFileType = archive.ar; path = "libSVGKit-iOS.a"; sourceTree = "<group>"; };
		A3122F1417C5C3FD004990C8 /* AppleSucksDOMImplementation.h */ = {isa = PBXFileReference; fileEncoding = 4; lastKnownFileType = sourcecode.c.h; path = AppleSucksDOMImplementation.h; sourceTree = "<group>"; };
		A3122F1517C5C3FD004990C8 /* Attr.h */ = {isa = PBXFileReference; fileEncoding = 4; lastKnownFileType = sourcecode.c.h; path = Attr.h; sourceTree = "<group>"; };
		A3122F1617C5C3FD004990C8 /* BaseClassForAllSVGBasicShapes.h */ = {isa = PBXFileReference; fileEncoding = 4; lastKnownFileType = sourcecode.c.h; path = BaseClassForAllSVGBasicShapes.h; sourceTree = "<group>"; };
		A3122F1717C5C3FD004990C8 /* BaseClassForAllSVGBasicShapes_ForSubclasses.h */ = {isa = PBXFileReference; fileEncoding = 4; lastKnownFileType = sourcecode.c.h; path = BaseClassForAllSVGBasicShapes_ForSubclasses.h; sourceTree = "<group>"; };
		A3122F1817C5C3FD004990C8 /* CALayerExporter.h */ = {isa = PBXFileReference; fileEncoding = 4; lastKnownFileType = sourcecode.c.h; path = CALayerExporter.h; sourceTree = "<group>"; };
		A3122F1917C5C3FD004990C8 /* CALayerWithChildHitTest.h */ = {isa = PBXFileReference; fileEncoding = 4; lastKnownFileType = sourcecode.c.h; path = CALayerWithChildHitTest.h; sourceTree = "<group>"; };
		A3122F1A17C5C3FD004990C8 /* CAShapeLayerWithHitTest.h */ = {isa = PBXFileReference; fileEncoding = 4; lastKnownFileType = sourcecode.c.h; path = CAShapeLayerWithHitTest.h; sourceTree = "<group>"; };
		A3122F1B17C5C3FD004990C8 /* CDATASection.h */ = {isa = PBXFileReference; fileEncoding = 4; lastKnownFileType = sourcecode.c.h; path = CDATASection.h; sourceTree = "<group>"; };
		A3122F1C17C5C3FD004990C8 /* CGPathAdditions.h */ = {isa = PBXFileReference; fileEncoding = 4; lastKnownFileType = sourcecode.c.h; path = CGPathAdditions.h; sourceTree = "<group>"; };
		A3122F1D17C5C3FD004990C8 /* CharacterData.h */ = {isa = PBXFileReference; fileEncoding = 4; lastKnownFileType = sourcecode.c.h; path = CharacterData.h; sourceTree = "<group>"; };
		A3122F1E17C5C3FD004990C8 /* Comment.h */ = {isa = PBXFileReference; fileEncoding = 4; lastKnownFileType = sourcecode.c.h; path = Comment.h; sourceTree = "<group>"; };
		A3122F1F17C5C3FD004990C8 /* CSSPrimitiveValue.h */ = {isa = PBXFileReference; fileEncoding = 4; lastKnownFileType = sourcecode.c.h; path = CSSPrimitiveValue.h; sourceTree = "<group>"; };
		A3122F2017C5C3FD004990C8 /* CSSRule.h */ = {isa = PBXFileReference; fileEncoding = 4; lastKnownFileType = sourcecode.c.h; path = CSSRule.h; sourceTree = "<group>"; };
		A3122F2117C5C3FD004990C8 /* CSSRuleList+Mutable.h */ = {isa = PBXFileReference; fileEncoding = 4; lastKnownFileType = sourcecode.c.h; path = "CSSRuleList+Mutable.h"; sourceTree = "<group>"; };
		A3122F2217C5C3FD004990C8 /* CSSRuleList.h */ = {isa = PBXFileReference; fileEncoding = 4; lastKnownFileType = sourcecode.c.h; path = CSSRuleList.h; sourceTree = "<group>"; };
		A3122F2317C5C3FD004990C8 /* CSSStyleDeclaration.h */ = {isa = PBXFileReference; fileEncoding = 4; lastKnownFileType = sourcecode.c.h; path = CSSStyleDeclaration.h; sourceTree = "<group>"; };
		A3122F2417C5C3FD004990C8 /* CSSStyleRule.h */ = {isa = PBXFileReference; fileEncoding = 4; lastKnownFileType = sourcecode.c.h; path = CSSStyleRule.h; sourceTree = "<group>"; };
		A3122F2517C5C3FD004990C8 /* CSSStyleSheet.h */ = {isa = PBXFileReference; fileEncoding = 4; lastKnownFileType = sourcecode.c.h; path = CSSStyleSheet.h; sourceTree = "<group>"; };
		A3122F2617C5C3FD004990C8 /* CSSValue.h */ = {isa = PBXFileReference; fileEncoding = 4; lastKnownFileType = sourcecode.c.h; path = CSSValue.h; sourceTree = "<group>"; };
		A3122F2717C5C3FD004990C8 /* CSSValue_ForSubclasses.h */ = {isa = PBXFileReference; fileEncoding = 4; lastKnownFileType = sourcecode.c.h; path = CSSValue_ForSubclasses.h; sourceTree = "<group>"; };
		A3122F2817C5C3FD004990C8 /* CSSValueList.h */ = {isa = PBXFileReference; fileEncoding = 4; lastKnownFileType = sourcecode.c.h; path = CSSValueList.h; sourceTree = "<group>"; };
		A3122F2917C5C3FD004990C8 /* Document+Mutable.h */ = {isa = PBXFileReference; fileEncoding = 4; lastKnownFileType = sourcecode.c.h; path = "Document+Mutable.h"; sourceTree = "<group>"; };
		A3122F2A17C5C3FD004990C8 /* Document.h */ = {isa = PBXFileReference; fileEncoding = 4; lastKnownFileType = sourcecode.c.h; path = Document.h; sourceTree = "<group>"; };
		A3122F2B17C5C3FD004990C8 /* DocumentCSS.h */ = {isa = PBXFileReference; fileEncoding = 4; lastKnownFileType = sourcecode.c.h; path = DocumentCSS.h; sourceTree = "<group>"; };
		A3122F2C17C5C3FD004990C8 /* DocumentFragment.h */ = {isa = PBXFileReference; fileEncoding = 4; lastKnownFileType = sourcecode.c.h; path = DocumentFragment.h; sourceTree = "<group>"; };
		A3122F2D17C5C3FD004990C8 /* DocumentStyle.h */ = {isa = PBXFileReference; fileEncoding = 4; lastKnownFileType = sourcecode.c.h; path = DocumentStyle.h; sourceTree = "<group>"; };
		A3122F2E17C5C3FD004990C8 /* DocumentType.h */ = {isa = PBXFileReference; fileEncoding = 4; lastKnownFileType = sourcecode.c.h; path = DocumentType.h; sourceTree = "<group>"; };
		A3122F2F17C5C3FD004990C8 /* DOMGlobalSettings.h */ = {isa = PBXFileReference; fileEncoding = 4; lastKnownFileType = sourcecode.c.h; path = DOMGlobalSettings.h; sourceTree = "<group>"; };
		A3122F3017C5C3FD004990C8 /* DOMHelperUtilities.h */ = {isa = PBXFileReference; fileEncoding = 4; lastKnownFileType = sourcecode.c.h; path = DOMHelperUtilities.h; sourceTree = "<group>"; };
		A3122F3117C5C3FD004990C8 /* Element.h */ = {isa = PBXFileReference; fileEncoding = 4; lastKnownFileType = sourcecode.c.h; path = Element.h; sourceTree = "<group>"; };
		A3122F3217C5C3FD004990C8 /* EntityReference.h */ = {isa = PBXFileReference; fileEncoding = 4; lastKnownFileType = sourcecode.c.h; path = EntityReference.h; sourceTree = "<group>"; };
		A3122F3317C5C3FD004990C8 /* MediaList.h */ = {isa = PBXFileReference; fileEncoding = 4; lastKnownFileType = sourcecode.c.h; path = MediaList.h; sourceTree = "<group>"; };
		A3122F3417C5C3FD004990C8 /* NamedNodeMap.h */ = {isa = PBXFileReference; fileEncoding = 4; lastKnownFileType = sourcecode.c.h; path = NamedNodeMap.h; sourceTree = "<group>"; };
		A3122F3517C5C3FD004990C8 /* Node+Mutable.h */ = {isa = PBXFileReference; fileEncoding = 4; lastKnownFileType = sourcecode.c.h; path = "Node+Mutable.h"; sourceTree = "<group>"; };
		A3122F3617C5C3FD004990C8 /* Node.h */ = {isa = PBXFileReference; fileEncoding = 4; lastKnownFileType = sourcecode.c.h; path = Node.h; sourceTree = "<group>"; };
		A3122F3717C5C3FD004990C8 /* NodeList+Mutable.h */ = {isa = PBXFileReference; fileEncoding = 4; lastKnownFileType = sourcecode.c.h; path = "NodeList+Mutable.h"; sourceTree = "<group>"; };
		A3122F3817C5C3FD004990C8 /* NodeList.h */ = {isa = PBXFileReference; fileEncoding = 4; lastKnownFileType = sourcecode.c.h; path = NodeList.h; sourceTree = "<group>"; };
		A3122F3917C5C3FD004990C8 /* ProcessingInstruction.h */ = {isa = PBXFileReference; fileEncoding = 4; lastKnownFileType = sourcecode.c.h; path = ProcessingInstruction.h; sourceTree = "<group>"; };
		A3122F3A17C5C3FD004990C8 /* StyleSheet.h */ = {isa = PBXFileReference; fileEncoding = 4; lastKnownFileType = sourcecode.c.h; path = StyleSheet.h; sourceTree = "<group>"; };
		A3122F3B17C5C3FD004990C8 /* StyleSheetList.h */ = {isa = PBXFileReference; fileEncoding = 4; lastKnownFileType = sourcecode.c.h; path = StyleSheetList.h; sourceTree = "<group>"; };
		A3122F3C17C5C3FD004990C8 /* SVGAngle.h */ = {isa = PBXFileReference; fileEncoding = 4; lastKnownFileType = sourcecode.c.h; path = SVGAngle.h; sourceTree = "<group>"; };
		A3122F3D17C5C3FD004990C8 /* SVGCircleElement.h */ = {isa = PBXFileReference; fileEncoding = 4; lastKnownFileType = sourcecode.c.h; path = SVGCircleElement.h; sourceTree = "<group>"; };
		A3122F3E17C5C3FD004990C8 /* SVGDefsElement.h */ = {isa = PBXFileReference; fileEncoding = 4; lastKnownFileType = sourcecode.c.h; path = SVGDefsElement.h; sourceTree = "<group>"; };
		A3122F3F17C5C3FD004990C8 /* SVGDescriptionElement.h */ = {isa = PBXFileReference; fileEncoding = 4; lastKnownFileType = sourcecode.c.h; path = SVGDescriptionElement.h; sourceTree = "<group>"; };
		A3122F4017C5C3FD004990C8 /* SVGDocument.h */ = {isa = PBXFileReference; fileEncoding = 4; lastKnownFileType = sourcecode.c.h; path = SVGDocument.h; sourceTree = "<group>"; };
		A3122F4117C5C3FD004990C8 /* SVGDocument_Mutable.h */ = {isa = PBXFileReference; fileEncoding = 4; lastKnownFileType = sourcecode.c.h; path = SVGDocument_Mutable.h; sourceTree = "<group>"; };
		A3122F4217C5C3FD004990C8 /* SVGElement.h */ = {isa = PBXFileReference; fileEncoding = 4; lastKnownFileType = sourcecode.c.h; path = SVGElement.h; sourceTree = "<group>"; };
		A3122F4317C5C3FD004990C8 /* SVGElement_ForParser.h */ = {isa = PBXFileReference; fileEncoding = 4; lastKnownFileType = sourcecode.c.h; path = SVGElement_ForParser.h; sourceTree = "<group>"; };
		A3122F4417C5C3FD004990C8 /* SVGElementInstance.h */ = {isa = PBXFileReference; fileEncoding = 4; lastKnownFileType = sourcecode.c.h; path = SVGElementInstance.h; sourceTree = "<group>"; };
		A3122F4517C5C3FD004990C8 /* SVGElementInstance_Mutable.h */ = {isa = PBXFileReference; fileEncoding = 4; lastKnownFileType = sourcecode.c.h; path = SVGElementInstance_Mutable.h; sourceTree = "<group>"; };
		A3122F4617C5C3FD004990C8 /* SVGElementInstanceList.h */ = {isa = PBXFileReference; fileEncoding = 4; lastKnownFileType = sourcecode.c.h; path = SVGElementInstanceList.h; sourceTree = "<group>"; };
		A3122F4717C5C3FD004990C8 /* SVGElementInstanceList_Internal.h */ = {isa = PBXFileReference; fileEncoding = 4; lastKnownFileType = sourcecode.c.h; path = SVGElementInstanceList_Internal.h; sourceTree = "<group>"; };
		A3122F4817C5C3FD004990C8 /* SVGEllipseElement.h */ = {isa = PBXFileReference; fileEncoding = 4; lastKnownFileType = sourcecode.c.h; path = SVGEllipseElement.h; sourceTree = "<group>"; };
		A3122F4917C5C3FD004990C8 /* SVGFitToViewBox.h */ = {isa = PBXFileReference; fileEncoding = 4; lastKnownFileType = sourcecode.c.h; path = SVGFitToViewBox.h; sourceTree = "<group>"; };
		A3122F4A17C5C3FD004990C8 /* SVGGElement.h */ = {isa = PBXFileReference; fileEncoding = 4; lastKnownFileType = sourcecode.c.h; path = SVGGElement.h; sourceTree = "<group>"; };
		A3122F4B17C5C3FD004990C8 /* SVGGradientElement.h */ = {isa = PBXFileReference; fileEncoding = 4; lastKnownFileType = sourcecode.c.h; path = SVGGradientElement.h; sourceTree = "<group>"; };
		A3122F4C17C5C3FD004990C8 /* SVGGradientStop.h */ = {isa = PBXFileReference; fileEncoding = 4; lastKnownFileType = sourcecode.c.h; path = SVGGradientStop.h; sourceTree = "<group>"; };
		A3122F4D17C5C3FD004990C8 /* SVGGroupElement.h */ = {isa = PBXFileReference; fileEncoding = 4; lastKnownFileType = sourcecode.c.h; path = SVGGroupElement.h; sourceTree = "<group>"; };
		A3122F4E17C5C3FD004990C8 /* SVGHelperUtilities.h */ = {isa = PBXFileReference; fileEncoding = 4; lastKnownFileType = sourcecode.c.h; path = SVGHelperUtilities.h; sourceTree = "<group>"; };
		A3122F4F17C5C3FD004990C8 /* SVGImageElement.h */ = {isa = PBXFileReference; fileEncoding = 4; lastKnownFileType = sourcecode.c.h; path = SVGImageElement.h; sourceTree = "<group>"; };
		A3122F5017C5C3FD004990C8 /* SVGKFastImageView.h */ = {isa = PBXFileReference; fileEncoding = 4; lastKnownFileType = sourcecode.c.h; path = SVGKFastImageView.h; sourceTree = "<group>"; };
		A3122F5117C5C3FD004990C8 /* SVGKImage+SVGPathView.h */ = {isa = PBXFileReference; fileEncoding = 4; lastKnownFileType = sourcecode.c.h; path = "SVGKImage+SVGPathView.h"; sourceTree = "<group>"; };
		A3122F5217C5C3FD004990C8 /* SVGKImage.h */ = {isa = PBXFileReference; fileEncoding = 4; lastKnownFileType = sourcecode.c.h; path = SVGKImage.h; sourceTree = "<group>"; };
		A3122F5317C5C3FD004990C8 /* SVGKImageView.h */ = {isa = PBXFileReference; fileEncoding = 4; lastKnownFileType = sourcecode.c.h; path = SVGKImageView.h; sourceTree = "<group>"; };
		A3122F5417C5C3FD004990C8 /* SVGKit.h */ = {isa = PBXFileReference; fileEncoding = 4; lastKnownFileType = sourcecode.c.h; path = SVGKit.h; sourceTree = "<group>"; };
		A3122F5517C5C3FD004990C8 /* SVGKLayer.h */ = {isa = PBXFileReference; fileEncoding = 4; lastKnownFileType = sourcecode.c.h; path = SVGKLayer.h; sourceTree = "<group>"; };
		A3122F5617C5C3FD004990C8 /* SVGKLayeredImageView.h */ = {isa = PBXFileReference; fileEncoding = 4; lastKnownFileType = sourcecode.c.h; path = SVGKLayeredImageView.h; sourceTree = "<group>"; };
		A3122F5717C5C3FD004990C8 /* SVGKParser.h */ = {isa = PBXFileReference; fileEncoding = 4; lastKnownFileType = sourcecode.c.h; path = SVGKParser.h; sourceTree = "<group>"; };
		A3122F5817C5C3FD004990C8 /* SVGKParserDefsAndUse.h */ = {isa = PBXFileReference; fileEncoding = 4; lastKnownFileType = sourcecode.c.h; path = SVGKParserDefsAndUse.h; sourceTree = "<group>"; };
		A3122F5917C5C3FD004990C8 /* SVGKParserDOM.h */ = {isa = PBXFileReference; fileEncoding = 4; lastKnownFileType = sourcecode.c.h; path = SVGKParserDOM.h; sourceTree = "<group>"; };
		A3122F5A17C5C3FD004990C8 /* SVGKParseResult.h */ = {isa = PBXFileReference; fileEncoding = 4; lastKnownFileType = sourcecode.c.h; path = SVGKParseResult.h; sourceTree = "<group>"; };
		A3122F5B17C5C3FD004990C8 /* SVGKParserExtension.h */ = {isa = PBXFileReference; fileEncoding = 4; lastKnownFileType = sourcecode.c.h; path = SVGKParserExtension.h; sourceTree = "<group>"; };
		A3122F5C17C5C3FD004990C8 /* SVGKParserGradient.h */ = {isa = PBXFileReference; fileEncoding = 4; lastKnownFileType = sourcecode.c.h; path = SVGKParserGradient.h; sourceTree = "<group>"; };
		A3122F5D17C5C3FD004990C8 /* SVGKParserPatternsAndGradients.h */ = {isa = PBXFileReference; fileEncoding = 4; lastKnownFileType = sourcecode.c.h; path = SVGKParserPatternsAndGradients.h; sourceTree = "<group>"; };
		A3122F5E17C5C3FD004990C8 /* SVGKParserStyles.h */ = {isa = PBXFileReference; fileEncoding = 4; lastKnownFileType = sourcecode.c.h; path = SVGKParserStyles.h; sourceTree = "<group>"; };
		A3122F5F17C5C3FD004990C8 /* SVGKParserSVG.h */ = {isa = PBXFileReference; fileEncoding = 4; lastKnownFileType = sourcecode.c.h; path = SVGKParserSVG.h; sourceTree = "<group>"; };
		A3122F6017C5C3FD004990C8 /* SVGKPattern.h */ = {isa = PBXFileReference; fileEncoding = 4; lastKnownFileType = sourcecode.c.h; path = SVGKPattern.h; sourceTree = "<group>"; };
		A3122F6117C5C3FD004990C8 /* SVGKPointsAndPathsParser.h */ = {isa = PBXFileReference; fileEncoding = 4; lastKnownFileType = sourcecode.c.h; path = SVGKPointsAndPathsParser.h; sourceTree = "<group>"; };
		A3122F6217C5C3FD004990C8 /* SVGKSource.h */ = {isa = PBXFileReference; fileEncoding = 4; lastKnownFileType = sourcecode.c.h; path = SVGKSource.h; sourceTree = "<group>"; };
		A3122F6317C5C3FD004990C8 /* SVGLayeredElement.h */ = {isa = PBXFileReference; fileEncoding = 4; lastKnownFileType = sourcecode.c.h; path = SVGLayeredElement.h; sourceTree = "<group>"; };
		A3122F6417C5C3FD004990C8 /* SVGLength.h */ = {isa = PBXFileReference; fileEncoding = 4; lastKnownFileType = sourcecode.c.h; path = SVGLength.h; sourceTree = "<group>"; };
		A3122F6517C5C3FD004990C8 /* SVGLineElement.h */ = {isa = PBXFileReference; fileEncoding = 4; lastKnownFileType = sourcecode.c.h; path = SVGLineElement.h; sourceTree = "<group>"; };
		A3122F6617C5C3FD004990C8 /* SVGMatrix.h */ = {isa = PBXFileReference; fileEncoding = 4; lastKnownFileType = sourcecode.c.h; path = SVGMatrix.h; sourceTree = "<group>"; };
		A3122F6717C5C3FD004990C8 /* SVGNumber.h */ = {isa = PBXFileReference; fileEncoding = 4; lastKnownFileType = sourcecode.c.h; path = SVGNumber.h; sourceTree = "<group>"; };
		A3122F6817C5C3FD004990C8 /* SVGPathElement.h */ = {isa = PBXFileReference; fileEncoding = 4; lastKnownFileType = sourcecode.c.h; path = SVGPathElement.h; sourceTree = "<group>"; };
		A3122F6917C5C3FD004990C8 /* SVGPoint.h */ = {isa = PBXFileReference; fileEncoding = 4; lastKnownFileType = sourcecode.c.h; path = SVGPoint.h; sourceTree = "<group>"; };
		A3122F6A17C5C3FD004990C8 /* SVGPolygonElement.h */ = {isa = PBXFileReference; fileEncoding = 4; lastKnownFileType = sourcecode.c.h; path = SVGPolygonElement.h; sourceTree = "<group>"; };
		A3122F6B17C5C3FD004990C8 /* SVGPolylineElement.h */ = {isa = PBXFileReference; fileEncoding = 4; lastKnownFileType = sourcecode.c.h; path = SVGPolylineElement.h; sourceTree = "<group>"; };
		A3122F6C17C5C3FD004990C8 /* SVGRect.h */ = {isa = PBXFileReference; fileEncoding = 4; lastKnownFileType = sourcecode.c.h; path = SVGRect.h; sourceTree = "<group>"; };
		A3122F6D17C5C3FD004990C8 /* SVGRectElement.h */ = {isa = PBXFileReference; fileEncoding = 4; lastKnownFileType = sourcecode.c.h; path = SVGRectElement.h; sourceTree = "<group>"; };
		A3122F6E17C5C3FD004990C8 /* SVGStylable.h */ = {isa = PBXFileReference; fileEncoding = 4; lastKnownFileType = sourcecode.c.h; path = SVGStylable.h; sourceTree = "<group>"; };
		A3122F6F17C5C3FD004990C8 /* SVGStyleCatcher.h */ = {isa = PBXFileReference; fileEncoding = 4; lastKnownFileType = sourcecode.c.h; path = SVGStyleCatcher.h; sourceTree = "<group>"; };
		A3122F7017C5C3FD004990C8 /* SVGStyleElement.h */ = {isa = PBXFileReference; fileEncoding = 4; lastKnownFileType = sourcecode.c.h; path = SVGStyleElement.h; sourceTree = "<group>"; };
		A3122F7117C5C3FD004990C8 /* SVGSVGElement.h */ = {isa = PBXFileReference; fileEncoding = 4; lastKnownFileType = sourcecode.c.h; path = SVGSVGElement.h; sourceTree = "<group>"; };
		A3122F7217C5C3FD004990C8 /* SVGSVGElement_Mutable.h */ = {isa = PBXFileReference; fileEncoding = 4; lastKnownFileType = sourcecode.c.h; path = SVGSVGElement_Mutable.h; sourceTree = "<group>"; };
		A3122F7317C5C3FD004990C8 /* SVGTextContentElement.h */ = {isa = PBXFileReference; fileEncoding = 4; lastKnownFileType = sourcecode.c.h; path = SVGTextContentElement.h; sourceTree = "<group>"; };
		A3122F7417C5C3FD004990C8 /* SVGTextElement.h */ = {isa = PBXFileReference; fileEncoding = 4; lastKnownFileType = sourcecode.c.h; path = SVGTextElement.h; sourceTree = "<group>"; };
		A3122F7517C5C3FD004990C8 /* SVGTextPositioningElement.h */ = {isa = PBXFileReference; fileEncoding = 4; lastKnownFileType = sourcecode.c.h; path = SVGTextPositioningElement.h; sourceTree = "<group>"; };
		A3122F7617C5C3FD004990C8 /* SVGTextPositioningElement_Mutable.h */ = {isa = PBXFileReference; fileEncoding = 4; lastKnownFileType = sourcecode.c.h; path = SVGTextPositioningElement_Mutable.h; sourceTree = "<group>"; };
		A3122F7717C5C3FD004990C8 /* SVGTitleElement.h */ = {isa = PBXFileReference; fileEncoding = 4; lastKnownFileType = sourcecode.c.h; path = SVGTitleElement.h; sourceTree = "<group>"; };
		A3122F7817C5C3FD004990C8 /* SVGTransform.h */ = {isa = PBXFileReference; fileEncoding = 4; lastKnownFileType = sourcecode.c.h; path = SVGTransform.h; sourceTree = "<group>"; };
		A3122F7917C5C3FD004990C8 /* SVGTransformable.h */ = {isa = PBXFileReference; fileEncoding = 4; lastKnownFileType = sourcecode.c.h; path = SVGTransformable.h; sourceTree = "<group>"; };
		A3122F7A17C5C3FD004990C8 /* SVGUseElement.h */ = {isa = PBXFileReference; fileEncoding = 4; lastKnownFileType = sourcecode.c.h; path = SVGUseElement.h; sourceTree = "<group>"; };
		A3122F7B17C5C3FD004990C8 /* SVGUseElement_Mutable.h */ = {isa = PBXFileReference; fileEncoding = 4; lastKnownFileType = sourcecode.c.h; path = SVGUseElement_Mutable.h; sourceTree = "<group>"; };
		A3122F7C17C5C3FD004990C8 /* SVGUtils.h */ = {isa = PBXFileReference; fileEncoding = 4; lastKnownFileType = sourcecode.c.h; path = SVGUtils.h; sourceTree = "<group>"; };
		A3122F7D17C5C3FD004990C8 /* SVGViewSpec.h */ = {isa = PBXFileReference; fileEncoding = 4; lastKnownFileType = sourcecode.c.h; path = SVGViewSpec.h; sourceTree = "<group>"; };
		A3122F7E17C5C3FD004990C8 /* Text.h */ = {isa = PBXFileReference; fileEncoding = 4; lastKnownFileType = sourcecode.c.h; path = Text.h; sourceTree = "<group>"; };
		A3122F8017C5C799004990C8 /* TestCaseConstrainedFDLayout.h */ = {isa = PBXFileReference; fileEncoding = 4; lastKnownFileType = sourcecode.c.h; name = TestCaseConstrainedFDLayout.h; path = TestCases/TestCaseConstrainedFDLayout.h; sourceTree = "<group>"; };
		A3122F8117C5C799004990C8 /* TestCaseConstrainedFDLayout.m */ = {isa = PBXFileReference; fileEncoding = 4; lastKnownFileType = sourcecode.c.objc; name = TestCaseConstrainedFDLayout.m; path = TestCases/TestCaseConstrainedFDLayout.m; sourceTree = "<group>"; };
		A3122FC417C5CEAA004990C8 /* MainViewController.h */ = {isa = PBXFileReference; fileEncoding = 4; lastKnownFileType = sourcecode.c.h; path = MainViewController.h; sourceTree = "<group>"; };
		A3122FC617C5CEAA004990C8 /* MainViewController.xib */ = {isa = PBXFileReference; fileEncoding = 4; lastKnownFileType = file.xib; path = MainViewController.xib; sourceTree = "<group>"; };
		A3122FCD17C5E48B004990C8 /* TestCaseViewController.h */ = {isa = PBXFileReference; fileEncoding = 4; lastKnownFileType = sourcecode.c.h; path = TestCaseViewController.h; sourceTree = "<group>"; };
		A3122FCE17C5E48B004990C8 /* TestCaseViewController.m */ = {isa = PBXFileReference; fileEncoding = 4; lastKnownFileType = sourcecode.c.objc; path = TestCaseViewController.m; sourceTree = "<group>"; };
		A3122FD017C5EC90004990C8 /* TestCaseCCSViewController.h */ = {isa = PBXFileReference; fileEncoding = 4; lastKnownFileType = sourcecode.c.h; name = TestCaseCCSViewController.h; path = TestCases/TestCaseCCSViewController.h; sourceTree = "<group>"; };
		A3122FD117C5EC90004990C8 /* TestCaseCCSViewController.m */ = {isa = PBXFileReference; fileEncoding = 4; lastKnownFileType = sourcecode.c.objc; name = TestCaseCCSViewController.m; path = TestCases/TestCaseCCSViewController.m; sourceTree = "<group>"; };
		A3122FD617C61444004990C8 /* MainViewController.m */ = {isa = PBXFileReference; fileEncoding = 4; lastKnownFileType = sourcecode.c.objc; path = MainViewController.m; sourceTree = "<group>"; };
/* End PBXFileReference section */

/* Begin PBXFrameworksBuildPhase section */
		83C919A917C3C521006AF359 /* Frameworks */ = {
			isa = PBXFrameworksBuildPhase;
			buildActionMask = 2147483647;
			files = (
				83C91AF817C53AF4006AF359 /* libxml2.dylib in Frameworks */,
				83C91AF617C53ABA006AF359 /* QuartzCore.framework in Frameworks */,
				83C91AF417C53AAE006AF359 /* CoreImage.framework in Frameworks */,
				83C91AF217C53AA7006AF359 /* CoreText.framework in Frameworks */,
				83C919B017C3C521006AF359 /* UIKit.framework in Frameworks */,
				83C919B217C3C521006AF359 /* Foundation.framework in Frameworks */,
				83C919B417C3C521006AF359 /* CoreGraphics.framework in Frameworks */,
				A3122DBD17C59C0B004990C8 /* libavoid.a in Frameworks */,
				A3122DBE17C59C0B004990C8 /* libcola.a in Frameworks */,
				A3122DBF17C59C0B004990C8 /* libtopology.a in Frameworks */,
				A3122DC017C59C0B004990C8 /* libvpsc.a in Frameworks */,
				A3122F7F17C5C3FD004990C8 /* libSVGKit-iOS.a in Frameworks */,
			);
			runOnlyForDeploymentPostprocessing = 0;
		};
/* End PBXFrameworksBuildPhase section */

/* Begin PBXGroup section */
		83C919A317C3C521006AF359 = {
			isa = PBXGroup;
			children = (
				83C91A7C17C4EF0D006AF359 /* librender.cpp */,
				83C91A7D17C4EF0D006AF359 /* librender.h */,
				83C91A7617C4E955006AF359 /* graphlayouttest.h */,
				83C91A7717C4EB2C006AF359 /* colafd.cpp */,
				83C919B517C3C521006AF359 /* AdaptagramsTest */,
				A3122F8317C5C7A6004990C8 /* TestCases */,
				83C919AE17C3C521006AF359 /* Frameworks */,
				83C919D217C3C580006AF359 /* Library */,
				83C919AD17C3C521006AF359 /* Products */,
			);
			sourceTree = "<group>";
		};
		83C919AD17C3C521006AF359 /* Products */ = {
			isa = PBXGroup;
			children = (
				83C919AC17C3C521006AF359 /* AdaptagramsTest.app */,
			);
			name = Products;
			sourceTree = "<group>";
		};
		83C919AE17C3C521006AF359 /* Frameworks */ = {
			isa = PBXGroup;
			children = (
				83C91AF717C53AF4006AF359 /* libxml2.dylib */,
				83C91AF517C53ABA006AF359 /* QuartzCore.framework */,
				83C91AF317C53AAE006AF359 /* CoreImage.framework */,
				83C91AF117C53AA7006AF359 /* CoreText.framework */,
				83C919AF17C3C521006AF359 /* UIKit.framework */,
				83C919B117C3C521006AF359 /* Foundation.framework */,
				83C919B317C3C521006AF359 /* CoreGraphics.framework */,
			);
			name = Frameworks;
			sourceTree = "<group>";
		};
		83C919B517C3C521006AF359 /* AdaptagramsTest */ = {
			isa = PBXGroup;
			children = (
				83C919BE17C3C521006AF359 /* AppDelegate.h */,
				83C919BF17C3C521006AF359 /* AppDelegate.m */,
				A3122FC417C5CEAA004990C8 /* MainViewController.h */,
				A3122FD617C61444004990C8 /* MainViewController.m */,
				A3122FC617C5CEAA004990C8 /* MainViewController.xib */,
				A3122FCD17C5E48B004990C8 /* TestCaseViewController.h */,
				A3122FCE17C5E48B004990C8 /* TestCaseViewController.m */,
				83C919B617C3C521006AF359 /* Supporting Files */,
			);
			path = AdaptagramsTest;
			sourceTree = "<group>";
		};
		83C919B617C3C521006AF359 /* Supporting Files */ = {
			isa = PBXGroup;
			children = (
				83C919B717C3C521006AF359 /* AdaptagramsTest-Info.plist */,
				83C919B817C3C521006AF359 /* InfoPlist.strings */,
				83C919BB17C3C521006AF359 /* main.m */,
				83C919BD17C3C521006AF359 /* AdaptagramsTest-Prefix.pch */,
				83C919C117C3C521006AF359 /* Default.png */,
				83C919C317C3C521006AF359 /* Default@2x.png */,
				83C919C517C3C521006AF359 /* Default-568h@2x.png */,
			);
			name = "Supporting Files";
			sourceTree = "<group>";
		};
		83C919D217C3C580006AF359 /* Library */ = {
			isa = PBXGroup;
			children = (
				A3122D7117C59C0B004990C8 /* Adaptagrams */,
				A3122F0F17C5C3FD004990C8 /* SVGKit */,
			);
			path = Library;
			sourceTree = "<group>";
		};
		A3122D7117C59C0B004990C8 /* Adaptagrams */ = {
			isa = PBXGroup;
			children = (
				A3122D7217C59C0B004990C8 /* header */,
				A3122DB717C59C0B004990C8 /* i386+armv7 */,
			);
			path = Adaptagrams;
			sourceTree = "<group>";
		};
		A3122D7217C59C0B004990C8 /* header */ = {
			isa = PBXGroup;
			children = (
				A3122D7317C59C0B004990C8 /* libavoid */,
				A3122D8E17C59C0B004990C8 /* libcola */,
				A3122DA317C59C0B004990C8 /* libtopology */,
				A3122DAA17C59C0B004990C8 /* libvpsc */,
			);
			path = header;
			sourceTree = "<group>";
		};
		A3122D7317C59C0B004990C8 /* libavoid */ = {
			isa = PBXGroup;
			children = (
				A3122D7417C59C0B004990C8 /* actioninfo.h */,
				A3122D7517C59C0B004990C8 /* assertions.h */,
				A3122D7617C59C0B004990C8 /* connectionpin.h */,
				A3122D7717C59C0B004990C8 /* connector.h */,
				A3122D7817C59C0B004990C8 /* connend.h */,
				A3122D7917C59C0B004990C8 /* debug.h */,
				A3122D7A17C59C0B004990C8 /* dllexport.h */,
				A3122D7B17C59C0B004990C8 /* geometry.h */,
				A3122D7C17C59C0B004990C8 /* geomtypes.h */,
				A3122D7D17C59C0B004990C8 /* graph.h */,
				A3122D7E17C59C0B004990C8 /* hyperedge.h */,
				A3122D7F17C59C0B004990C8 /* hyperedgetree.h */,
				A3122D8017C59C0B004990C8 /* junction.h */,
				A3122D8117C59C0B004990C8 /* libavoid.h */,
				A3122D8217C59C0B004990C8 /* makepath.h */,
				A3122D8317C59C0B004990C8 /* mtst.h */,
				A3122D8417C59C0B004990C8 /* obstacle.h */,
				A3122D8517C59C0B004990C8 /* orthogonal.h */,
				A3122D8617C59C0B004990C8 /* router.h */,
				A3122D8717C59C0B004990C8 /* scanline.h */,
				A3122D8817C59C0B004990C8 /* shape.h */,
				A3122D8917C59C0B004990C8 /* timer.h */,
				A3122D8A17C59C0B004990C8 /* vertices.h */,
				A3122D8B17C59C0B004990C8 /* viscluster.h */,
				A3122D8C17C59C0B004990C8 /* visibility.h */,
				A3122D8D17C59C0B004990C8 /* vpsc.h */,
			);
			path = libavoid;
			sourceTree = "<group>";
		};
		A3122D8E17C59C0B004990C8 /* libcola */ = {
			isa = PBXGroup;
			children = (
				A3122D8F17C59C0B004990C8 /* cc_clustercontainmentconstraints.h */,
				A3122D9017C59C0B004990C8 /* cc_nonoverlapconstraints.h */,
				A3122D9117C59C0B004990C8 /* cluster.h */,
				A3122D9217C59C0B004990C8 /* cola.h */,
				A3122D9317C59C0B004990C8 /* cola_log.h */,
				A3122D9417C59C0B004990C8 /* commondefs.h */,
				A3122D9517C59C0B004990C8 /* compound_constraints.h */,
				A3122D9617C59C0B004990C8 /* config.h */,
				A3122D9717C59C0B004990C8 /* conjugate_gradient.h */,
				A3122D9817C59C0B004990C8 /* connected_components.h */,
				A3122D9917C59C0B004990C8 /* convex_hull.h */,
				A3122D9A17C59C0B004990C8 /* cycle_detector.h */,
				A3122D9B17C59C0B004990C8 /* exceptions.h */,
				A3122D9C17C59C0B004990C8 /* gradient_projection.h */,
				A3122D9D17C59C0B004990C8 /* max_acyclic_subgraph.h */,
				A3122D9E17C59C0B004990C8 /* output_svg.h */,
				A3122D9F17C59C0B004990C8 /* shortest_paths.h */,
				A3122DA017C59C0B004990C8 /* sparse_matrix.h */,
				A3122DA117C59C0B004990C8 /* straightener.h */,
				A3122DA217C59C0B004990C8 /* unused.h */,
			);
			path = libcola;
			sourceTree = "<group>";
		};
		A3122DA317C59C0B004990C8 /* libtopology */ = {
			isa = PBXGroup;
			children = (
				A3122DA417C59C0B004990C8 /* cola_topology_addon.h */,
				A3122DA517C59C0B004990C8 /* orthogonal_topology.h */,
				A3122DA617C59C0B004990C8 /* topology_constraints.h */,
				A3122DA717C59C0B004990C8 /* topology_graph.h */,
				A3122DA817C59C0B004990C8 /* topology_log.h */,
				A3122DA917C59C0B004990C8 /* util.h */,
			);
			path = libtopology;
			sourceTree = "<group>";
		};
		A3122DAA17C59C0B004990C8 /* libvpsc */ = {
			isa = PBXGroup;
			children = (
				A3122DAB17C59C0B004990C8 /* assertions.h */,
				A3122DAC17C59C0B004990C8 /* block.h */,
				A3122DAD17C59C0B004990C8 /* blocks.h */,
				A3122DAE17C59C0B004990C8 /* cbuffer.h */,
				A3122DAF17C59C0B004990C8 /* constraint.h */,
				A3122DB017C59C0B004990C8 /* exceptions.h */,
				A3122DB117C59C0B004990C8 /* isnan.h */,
				A3122DB217C59C0B004990C8 /* linesegment.h */,
				A3122DB317C59C0B004990C8 /* pairing_heap.h */,
				A3122DB417C59C0B004990C8 /* rectangle.h */,
				A3122DB517C59C0B004990C8 /* solve_VPSC.h */,
				A3122DB617C59C0B004990C8 /* variable.h */,
			);
			path = libvpsc;
			sourceTree = "<group>";
		};
		A3122DB717C59C0B004990C8 /* i386+armv7 */ = {
			isa = PBXGroup;
			children = (
				A3122DB817C59C0B004990C8 /* library */,
			);
			path = "i386+armv7";
			sourceTree = "<group>";
		};
		A3122DB817C59C0B004990C8 /* library */ = {
			isa = PBXGroup;
			children = (
				A3122DB917C59C0B004990C8 /* libavoid.a */,
				A3122DBA17C59C0B004990C8 /* libcola.a */,
				A3122DBB17C59C0B004990C8 /* libtopology.a */,
				A3122DBC17C59C0B004990C8 /* libvpsc.a */,
			);
			path = library;
			sourceTree = "<group>";
		};
		A3122F0F17C5C3FD004990C8 /* SVGKit */ = {
			isa = PBXGroup;
			children = (
				A3122F1017C5C3FD004990C8 /* libSVGKit-iOS.a */,
				A3122F1117C5C3FD004990C8 /* usr */,
			);
			path = SVGKit;
			sourceTree = "<group>";
		};
		A3122F1117C5C3FD004990C8 /* usr */ = {
			isa = PBXGroup;
			children = (
				A3122F1217C5C3FD004990C8 /* local */,
			);
			path = usr;
			sourceTree = "<group>";
		};
		A3122F1217C5C3FD004990C8 /* local */ = {
			isa = PBXGroup;
			children = (
				A3122F1317C5C3FD004990C8 /* include */,
			);
			path = local;
			sourceTree = "<group>";
		};
		A3122F1317C5C3FD004990C8 /* include */ = {
			isa = PBXGroup;
			children = (
				A3122F1417C5C3FD004990C8 /* AppleSucksDOMImplementation.h */,
				A3122F1517C5C3FD004990C8 /* Attr.h */,
				A3122F1617C5C3FD004990C8 /* BaseClassForAllSVGBasicShapes.h */,
				A3122F1717C5C3FD004990C8 /* BaseClassForAllSVGBasicShapes_ForSubclasses.h */,
				A3122F1817C5C3FD004990C8 /* CALayerExporter.h */,
				A3122F1917C5C3FD004990C8 /* CALayerWithChildHitTest.h */,
				A3122F1A17C5C3FD004990C8 /* CAShapeLayerWithHitTest.h */,
				A3122F1B17C5C3FD004990C8 /* CDATASection.h */,
				A3122F1C17C5C3FD004990C8 /* CGPathAdditions.h */,
				A3122F1D17C5C3FD004990C8 /* CharacterData.h */,
				A3122F1E17C5C3FD004990C8 /* Comment.h */,
				A3122F1F17C5C3FD004990C8 /* CSSPrimitiveValue.h */,
				A3122F2017C5C3FD004990C8 /* CSSRule.h */,
				A3122F2117C5C3FD004990C8 /* CSSRuleList+Mutable.h */,
				A3122F2217C5C3FD004990C8 /* CSSRuleList.h */,
				A3122F2317C5C3FD004990C8 /* CSSStyleDeclaration.h */,
				A3122F2417C5C3FD004990C8 /* CSSStyleRule.h */,
				A3122F2517C5C3FD004990C8 /* CSSStyleSheet.h */,
				A3122F2617C5C3FD004990C8 /* CSSValue.h */,
				A3122F2717C5C3FD004990C8 /* CSSValue_ForSubclasses.h */,
				A3122F2817C5C3FD004990C8 /* CSSValueList.h */,
				A3122F2917C5C3FD004990C8 /* Document+Mutable.h */,
				A3122F2A17C5C3FD004990C8 /* Document.h */,
				A3122F2B17C5C3FD004990C8 /* DocumentCSS.h */,
				A3122F2C17C5C3FD004990C8 /* DocumentFragment.h */,
				A3122F2D17C5C3FD004990C8 /* DocumentStyle.h */,
				A3122F2E17C5C3FD004990C8 /* DocumentType.h */,
				A3122F2F17C5C3FD004990C8 /* DOMGlobalSettings.h */,
				A3122F3017C5C3FD004990C8 /* DOMHelperUtilities.h */,
				A3122F3117C5C3FD004990C8 /* Element.h */,
				A3122F3217C5C3FD004990C8 /* EntityReference.h */,
				A3122F3317C5C3FD004990C8 /* MediaList.h */,
				A3122F3417C5C3FD004990C8 /* NamedNodeMap.h */,
				A3122F3517C5C3FD004990C8 /* Node+Mutable.h */,
				A3122F3617C5C3FD004990C8 /* Node.h */,
				A3122F3717C5C3FD004990C8 /* NodeList+Mutable.h */,
				A3122F3817C5C3FD004990C8 /* NodeList.h */,
				A3122F3917C5C3FD004990C8 /* ProcessingInstruction.h */,
				A3122F3A17C5C3FD004990C8 /* StyleSheet.h */,
				A3122F3B17C5C3FD004990C8 /* StyleSheetList.h */,
				A3122F3C17C5C3FD004990C8 /* SVGAngle.h */,
				A3122F3D17C5C3FD004990C8 /* SVGCircleElement.h */,
				A3122F3E17C5C3FD004990C8 /* SVGDefsElement.h */,
				A3122F3F17C5C3FD004990C8 /* SVGDescriptionElement.h */,
				A3122F4017C5C3FD004990C8 /* SVGDocument.h */,
				A3122F4117C5C3FD004990C8 /* SVGDocument_Mutable.h */,
				A3122F4217C5C3FD004990C8 /* SVGElement.h */,
				A3122F4317C5C3FD004990C8 /* SVGElement_ForParser.h */,
				A3122F4417C5C3FD004990C8 /* SVGElementInstance.h */,
				A3122F4517C5C3FD004990C8 /* SVGElementInstance_Mutable.h */,
				A3122F4617C5C3FD004990C8 /* SVGElementInstanceList.h */,
				A3122F4717C5C3FD004990C8 /* SVGElementInstanceList_Internal.h */,
				A3122F4817C5C3FD004990C8 /* SVGEllipseElement.h */,
				A3122F4917C5C3FD004990C8 /* SVGFitToViewBox.h */,
				A3122F4A17C5C3FD004990C8 /* SVGGElement.h */,
				A3122F4B17C5C3FD004990C8 /* SVGGradientElement.h */,
				A3122F4C17C5C3FD004990C8 /* SVGGradientStop.h */,
				A3122F4D17C5C3FD004990C8 /* SVGGroupElement.h */,
				A3122F4E17C5C3FD004990C8 /* SVGHelperUtilities.h */,
				A3122F4F17C5C3FD004990C8 /* SVGImageElement.h */,
				A3122F5017C5C3FD004990C8 /* SVGKFastImageView.h */,
				A3122F5117C5C3FD004990C8 /* SVGKImage+SVGPathView.h */,
				A3122F5217C5C3FD004990C8 /* SVGKImage.h */,
				A3122F5317C5C3FD004990C8 /* SVGKImageView.h */,
				A3122F5417C5C3FD004990C8 /* SVGKit.h */,
				A3122F5517C5C3FD004990C8 /* SVGKLayer.h */,
				A3122F5617C5C3FD004990C8 /* SVGKLayeredImageView.h */,
				A3122F5717C5C3FD004990C8 /* SVGKParser.h */,
				A3122F5817C5C3FD004990C8 /* SVGKParserDefsAndUse.h */,
				A3122F5917C5C3FD004990C8 /* SVGKParserDOM.h */,
				A3122F5A17C5C3FD004990C8 /* SVGKParseResult.h */,
				A3122F5B17C5C3FD004990C8 /* SVGKParserExtension.h */,
				A3122F5C17C5C3FD004990C8 /* SVGKParserGradient.h */,
				A3122F5D17C5C3FD004990C8 /* SVGKParserPatternsAndGradients.h */,
				A3122F5E17C5C3FD004990C8 /* SVGKParserStyles.h */,
				A3122F5F17C5C3FD004990C8 /* SVGKParserSVG.h */,
				A3122F6017C5C3FD004990C8 /* SVGKPattern.h */,
				A3122F6117C5C3FD004990C8 /* SVGKPointsAndPathsParser.h */,
				A3122F6217C5C3FD004990C8 /* SVGKSource.h */,
				A3122F6317C5C3FD004990C8 /* SVGLayeredElement.h */,
				A3122F6417C5C3FD004990C8 /* SVGLength.h */,
				A3122F6517C5C3FD004990C8 /* SVGLineElement.h */,
				A3122F6617C5C3FD004990C8 /* SVGMatrix.h */,
				A3122F6717C5C3FD004990C8 /* SVGNumber.h */,
				A3122F6817C5C3FD004990C8 /* SVGPathElement.h */,
				A3122F6917C5C3FD004990C8 /* SVGPoint.h */,
				A3122F6A17C5C3FD004990C8 /* SVGPolygonElement.h */,
				A3122F6B17C5C3FD004990C8 /* SVGPolylineElement.h */,
				A3122F6C17C5C3FD004990C8 /* SVGRect.h */,
				A3122F6D17C5C3FD004990C8 /* SVGRectElement.h */,
				A3122F6E17C5C3FD004990C8 /* SVGStylable.h */,
				A3122F6F17C5C3FD004990C8 /* SVGStyleCatcher.h */,
				A3122F7017C5C3FD004990C8 /* SVGStyleElement.h */,
				A3122F7117C5C3FD004990C8 /* SVGSVGElement.h */,
				A3122F7217C5C3FD004990C8 /* SVGSVGElement_Mutable.h */,
				A3122F7317C5C3FD004990C8 /* SVGTextContentElement.h */,
				A3122F7417C5C3FD004990C8 /* SVGTextElement.h */,
				A3122F7517C5C3FD004990C8 /* SVGTextPositioningElement.h */,
				A3122F7617C5C3FD004990C8 /* SVGTextPositioningElement_Mutable.h */,
				A3122F7717C5C3FD004990C8 /* SVGTitleElement.h */,
				A3122F7817C5C3FD004990C8 /* SVGTransform.h */,
				A3122F7917C5C3FD004990C8 /* SVGTransformable.h */,
				A3122F7A17C5C3FD004990C8 /* SVGUseElement.h */,
				A3122F7B17C5C3FD004990C8 /* SVGUseElement_Mutable.h */,
				A3122F7C17C5C3FD004990C8 /* SVGUtils.h */,
				A3122F7D17C5C3FD004990C8 /* SVGViewSpec.h */,
				A3122F7E17C5C3FD004990C8 /* Text.h */,
			);
			path = include;
			sourceTree = "<group>";
		};
		A3122F8317C5C7A6004990C8 /* TestCases */ = {
			isa = PBXGroup;
			children = (
				A3122F8017C5C799004990C8 /* TestCaseConstrainedFDLayout.h */,
				A3122F8117C5C799004990C8 /* TestCaseConstrainedFDLayout.m */,
				A3122FD017C5EC90004990C8 /* TestCaseCCSViewController.h */,
				A3122FD117C5EC90004990C8 /* TestCaseCCSViewController.m */,
			);
			name = TestCases;
			sourceTree = "<group>";
		};
/* End PBXGroup section */

/* Begin PBXNativeTarget section */
		83C919AB17C3C521006AF359 /* AdaptagramsTest */ = {
			isa = PBXNativeTarget;
			buildConfigurationList = 83C919CF17C3C521006AF359 /* Build configuration list for PBXNativeTarget "AdaptagramsTest" */;
			buildPhases = (
				83C919A817C3C521006AF359 /* Sources */,
				83C919A917C3C521006AF359 /* Frameworks */,
				83C919AA17C3C521006AF359 /* Resources */,
			);
			buildRules = (
			);
			dependencies = (
			);
			name = AdaptagramsTest;
			productName = AdaptagramsTest;
			productReference = 83C919AC17C3C521006AF359 /* AdaptagramsTest.app */;
			productType = "com.apple.product-type.application";
		};
/* End PBXNativeTarget section */

/* Begin PBXProject section */
		83C919A417C3C521006AF359 /* Project object */ = {
			isa = PBXProject;
			attributes = {
				LastUpgradeCheck = 0460;
				ORGANIZATIONNAME = "Tang Tianyong";
			};
			buildConfigurationList = 83C919A717C3C521006AF359 /* Build configuration list for PBXProject "AdaptagramsTest" */;
			compatibilityVersion = "Xcode 3.2";
			developmentRegion = English;
			hasScannedForEncodings = 0;
			knownRegions = (
				en,
			);
			mainGroup = 83C919A317C3C521006AF359;
			productRefGroup = 83C919AD17C3C521006AF359 /* Products */;
			projectDirPath = "";
			projectRoot = "";
			targets = (
				83C919AB17C3C521006AF359 /* AdaptagramsTest */,
			);
		};
/* End PBXProject section */

/* Begin PBXResourcesBuildPhase section */
		83C919AA17C3C521006AF359 /* Resources */ = {
			isa = PBXResourcesBuildPhase;
			buildActionMask = 2147483647;
			files = (
				83C919BA17C3C521006AF359 /* InfoPlist.strings in Resources */,
				83C919C217C3C521006AF359 /* Default.png in Resources */,
				83C919C417C3C521006AF359 /* Default@2x.png in Resources */,
				83C919C617C3C521006AF359 /* Default-568h@2x.png in Resources */,
				A3122FC817C5CEAA004990C8 /* MainViewController.xib in Resources */,
			);
			runOnlyForDeploymentPostprocessing = 0;
		};
/* End PBXResourcesBuildPhase section */

/* Begin PBXSourcesBuildPhase section */
		83C919A817C3C521006AF359 /* Sources */ = {
			isa = PBXSourcesBuildPhase;
			buildActionMask = 2147483647;
			files = (
				83C919BC17C3C521006AF359 /* main.m in Sources */,
				83C919C017C3C521006AF359 /* AppDelegate.m in Sources */,
				83C91A7817C4EB2C006AF359 /* colafd.cpp in Sources */,
				83C91A7E17C4EF0D006AF359 /* librender.cpp in Sources */,
				A3122F8217C5C799004990C8 /* TestCaseConstrainedFDLayout.m in Sources */,
				A3122FCF17C5E48B004990C8 /* TestCaseViewController.m in Sources */,
				A3122FD217C5EC90004990C8 /* TestCaseCCSViewController.m in Sources */,
				A3122FD717C61444004990C8 /* MainViewController.m in Sources */,
			);
			runOnlyForDeploymentPostprocessing = 0;
		};
/* End PBXSourcesBuildPhase section */

/* Begin PBXVariantGroup section */
		83C919B817C3C521006AF359 /* InfoPlist.strings */ = {
			isa = PBXVariantGroup;
			children = (
				83C919B917C3C521006AF359 /* en */,
			);
			name = InfoPlist.strings;
			sourceTree = "<group>";
		};
/* End PBXVariantGroup section */

/* Begin XCBuildConfiguration section */
		83C919CD17C3C521006AF359 /* Debug */ = {
			isa = XCBuildConfiguration;
			buildSettings = {
				ALWAYS_SEARCH_USER_PATHS = NO;
				CLANG_CXX_LANGUAGE_STANDARD = "gnu++0x";
				CLANG_CXX_LIBRARY = "libc++";
				CLANG_ENABLE_OBJC_ARC = YES;
				CLANG_WARN_CONSTANT_CONVERSION = YES;
				CLANG_WARN_EMPTY_BODY = YES;
				CLANG_WARN_ENUM_CONVERSION = YES;
				CLANG_WARN_INT_CONVERSION = YES;
				CLANG_WARN__DUPLICATE_METHOD_MATCH = YES;
				"CODE_SIGN_IDENTITY[sdk=iphoneos*]" = "iPhone Developer";
				COPY_PHASE_STRIP = NO;
				GCC_C_LANGUAGE_STANDARD = gnu99;
				GCC_DYNAMIC_NO_PIC = NO;
				GCC_OPTIMIZATION_LEVEL = 0;
				GCC_PREPROCESSOR_DEFINITIONS = (
					"DEBUG=1",
					"$(inherited)",
				);
				GCC_SYMBOLS_PRIVATE_EXTERN = NO;
				GCC_WARN_ABOUT_RETURN_TYPE = YES;
				GCC_WARN_UNINITIALIZED_AUTOS = YES;
				GCC_WARN_UNUSED_VARIABLE = YES;
				IPHONEOS_DEPLOYMENT_TARGET = 6.1;
				ONLY_ACTIVE_ARCH = YES;
				SDKROOT = iphoneos;
			};
			name = Debug;
		};
		83C919CE17C3C521006AF359 /* Release */ = {
			isa = XCBuildConfiguration;
			buildSettings = {
				ALWAYS_SEARCH_USER_PATHS = NO;
				CLANG_CXX_LANGUAGE_STANDARD = "gnu++0x";
				CLANG_CXX_LIBRARY = "libc++";
				CLANG_ENABLE_OBJC_ARC = YES;
				CLANG_WARN_CONSTANT_CONVERSION = YES;
				CLANG_WARN_EMPTY_BODY = YES;
				CLANG_WARN_ENUM_CONVERSION = YES;
				CLANG_WARN_INT_CONVERSION = YES;
				CLANG_WARN__DUPLICATE_METHOD_MATCH = YES;
				"CODE_SIGN_IDENTITY[sdk=iphoneos*]" = "iPhone Developer";
				COPY_PHASE_STRIP = YES;
				GCC_C_LANGUAGE_STANDARD = gnu99;
				GCC_WARN_ABOUT_RETURN_TYPE = YES;
				GCC_WARN_UNINITIALIZED_AUTOS = YES;
				GCC_WARN_UNUSED_VARIABLE = YES;
				IPHONEOS_DEPLOYMENT_TARGET = 6.1;
				OTHER_CFLAGS = "-DNS_BLOCK_ASSERTIONS=1";
				SDKROOT = iphoneos;
				VALIDATE_PRODUCT = YES;
			};
			name = Release;
		};
		83C919D017C3C521006AF359 /* Debug */ = {
			isa = XCBuildConfiguration;
			buildSettings = {
				CLANG_CXX_LANGUAGE_STANDARD = "compiler-default";
				CLANG_CXX_LIBRARY = "compiler-default";
				GCC_INLINES_ARE_PRIVATE_EXTERN = YES;
				GCC_INPUT_FILETYPE = sourcecode.cpp.objcpp;
				GCC_PRECOMPILE_PREFIX_HEADER = YES;
				GCC_PREFIX_HEADER = "AdaptagramsTest/AdaptagramsTest-Prefix.pch";
				HEADER_SEARCH_PATHS = "$(SRCROOT)/Library/Adaptagrams/header/";
				INFOPLIST_FILE = "AdaptagramsTest/AdaptagramsTest-Info.plist";
				IPHONEOS_DEPLOYMENT_TARGET = 5.0;
				LIBRARY_SEARCH_PATHS = (
					"$(inherited)",
					"\"$(SRCROOT)/Library/SVGKit\"",
					"\"$(SRCROOT)/Library/Adaptagrams/i386+armv7/library\"",
				);
				OTHER_LDFLAGS = "-ObjC";
				PRODUCT_NAME = "$(TARGET_NAME)";
				USER_HEADER_SEARCH_PATHS = "$(SRCROOT)/Library/Adaptagrams/header/";
				WRAPPER_EXTENSION = app;
			};
			name = Debug;
		};
		83C919D117C3C521006AF359 /* Release */ = {
			isa = XCBuildConfiguration;
			buildSettings = {
				CLANG_CXX_LANGUAGE_STANDARD = "compiler-default";
				CLANG_CXX_LIBRARY = "compiler-default";
				GCC_INLINES_ARE_PRIVATE_EXTERN = YES;
				GCC_INPUT_FILETYPE = sourcecode.cpp.objcpp;
				GCC_PRECOMPILE_PREFIX_HEADER = YES;
				GCC_PREFIX_HEADER = "AdaptagramsTest/AdaptagramsTest-Prefix.pch";
				GCC_SYMBOLS_PRIVATE_EXTERN = NO;
				HEADER_SEARCH_PATHS = "$(SRCROOT)/Library/Adaptagrams/header/";
				INFOPLIST_FILE = "AdaptagramsTest/AdaptagramsTest-Info.plist";
				IPHONEOS_DEPLOYMENT_TARGET = 5.0;
				LIBRARY_SEARCH_PATHS = (
					"$(inherited)",
					"\"$(SRCROOT)/Library/SVGKit\"",
					"\"$(SRCROOT)/Library/Adaptagrams/i386+armv7/library\"",
				);
				ONLY_ACTIVE_ARCH = NO;
				OTHER_LDFLAGS = "-ObjC";
				PRODUCT_NAME = "$(TARGET_NAME)";
				USER_HEADER_SEARCH_PATHS = "$(SRCROOT)/Library/Adaptagrams/header/";
				WRAPPER_EXTENSION = app;
			};
			name = Release;
		};
/* End XCBuildConfiguration section */

/* Begin XCConfigurationList section */
		83C919A717C3C521006AF359 /* Build configuration list for PBXProject "AdaptagramsTest" */ = {
			isa = XCConfigurationList;
			buildConfigurations = (
				83C919CD17C3C521006AF359 /* Debug */,
				83C919CE17C3C521006AF359 /* Release */,
			);
			defaultConfigurationIsVisible = 0;
			defaultConfigurationName = Release;
		};
		83C919CF17C3C521006AF359 /* Build configuration list for PBXNativeTarget "AdaptagramsTest" */ = {
			isa = XCConfigurationList;
			buildConfigurations = (
				83C919D017C3C521006AF359 /* Debug */,
				83C919D117C3C521006AF359 /* Release */,
			);
			defaultConfigurationIsVisible = 0;
			defaultConfigurationName = Release;
		};
/* End XCConfigurationList section */
	};
	rootObject = 83C919A417C3C521006AF359 /* Project object */;
}
